
Microsoft Visual Studio Solution File, Format Version 12.00
# Visual Studio 14
VisualStudioVersion = 14.0.24720.0
MinimumVisualStudioVersion = 10.0.40219.1
Project("{FAE04EC0-301F-11D3-BF4B-00C04F79EFBC}") = "Projetki App", "Projetki App\Projetki App.csproj", "{B943F7CF-D8D2-4B34-94BD-D83D2C2B1191}"
EndProject
Global
	GlobalSection(SolutionConfigurationPlatforms) = preSolution
		Debug|Any CPU = Debug|Any CPU
		Release|Any CPU = Release|Any CPU
	EndGlobalSection
	GlobalSection(ProjectConfigurationPlatforms) = postSolution
		{B943F7CF-D8D2-4B34-94BD-D83D2C2B1191}.Debug|Any CPU.ActiveCfg = Debug|Any CPU
		{B943F7CF-D8D2-4B34-94BD-D83D2C2B1191}.Debug|Any CPU.Build.0 = Debug|Any CPU
		{B943F7CF-D8D2-4B34-94BD-D83D2C2B1191}.Release|Any CPU.ActiveCfg = Release|Any CPU
		{B943F7CF-D8D2-4B34-94BD-D83D2C2B1191}.Release|Any CPU.Build.0 = Release|Any CPU
	EndGlobalSection
	GlobalSection(SolutionProperties) = preSolution
		HideSolutionNode = FALSE
	EndGlobalSection
EndGlobal
